# This file is generated by running "yarn install" inside your project.
# Manual changes might be lost - proceed with caution!

__metadata:
  version: 5

"F2E@workspace:.":
  version: 0.0.0-use.local
  resolution: "F2E@workspace:."
  languageName: unknown
  linkType: soft

"week-one@workspace:packages/week-one":
  version: 0.0.0-use.local
  resolution: "week-one@workspace:packages/week-one"
  languageName: unknown
  linkType: soft
